
Microsoft Visual Studio Solution File, Format Version 12.00
# Visual Studio 15
Project("{FAE04EC0-301F-11D3-BF4B-00C04F79EFBC}") = "FpsCachuflito", "Assembly-CSharp-firstpass.csproj", "{13EF5AA5-4211-EFFB-AB36-6A2F30B59AA9}"
EndProject
Project("{FAE04EC0-301F-11D3-BF4B-00C04F79EFBC}") = "FpsCachuflito", "Assembly-CSharp.csproj", "{DBF31E3C-EB95-614A-FAAA-08767170FF07}"
EndProject
Project("{FAE04EC0-301F-11D3-BF4B-00C04F79EFBC}") = "FpsCachuflito", "Assembly-CSharp-Editor-firstpass.csproj", "{3F0E472F-6846-03B6-E803-91F3DBE79227}"
EndProject
Global
	GlobalSection(SolutionConfigurationPlatforms) = preSolution
		Debug|Any CPU = Debug|Any CPU
		Release|Any CPU = Release|Any CPU
	EndGlobalSection
	GlobalSection(ProjectConfigurationPlatforms) = postSolution
		{13EF5AA5-4211-EFFB-AB36-6A2F30B59AA9}.Debug|Any CPU.ActiveCfg = Debug|Any CPU
		{13EF5AA5-4211-EFFB-AB36-6A2F30B59AA9}.Debug|Any CPU.Build.0 = Debug|Any CPU
		{13EF5AA5-4211-EFFB-AB36-6A2F30B59AA9}.Release|Any CPU.ActiveCfg = Release|Any CPU
		{13EF5AA5-4211-EFFB-AB36-6A2F30B59AA9}.Release|Any CPU.Build.0 = Release|Any CPU
		{DBF31E3C-EB95-614A-FAAA-08767170FF07}.Debug|Any CPU.ActiveCfg = Debug|Any CPU
		{DBF31E3C-EB95-614A-FAAA-08767170FF07}.Debug|Any CPU.Build.0 = Debug|Any CPU
		{DBF31E3C-EB95-614A-FAAA-08767170FF07}.Release|Any CPU.ActiveCfg = Release|Any CPU
		{DBF31E3C-EB95-614A-FAAA-08767170FF07}.Release|Any CPU.Build.0 = Release|Any CPU
		{3F0E472F-6846-03B6-E803-91F3DBE79227}.Debug|Any CPU.ActiveCfg = Debug|Any CPU
		{3F0E472F-6846-03B6-E803-91F3DBE79227}.Debug|Any CPU.Build.0 = Debug|Any CPU
		{3F0E472F-6846-03B6-E803-91F3DBE79227}.Release|Any CPU.ActiveCfg = Release|Any CPU
		{3F0E472F-6846-03B6-E803-91F3DBE79227}.Release|Any CPU.Build.0 = Release|Any CPU
	EndGlobalSection
	GlobalSection(SolutionProperties) = preSolution
		HideSolutionNode = FALSE
	EndGlobalSection
EndGlobal
